<Project xmlns="http://schemas.microsoft.com/developer/msbuild/2003">
    <PropertyGroup>
        <ProjectGuid>{6A3C83FC-52E1-4F54-944F-2690F75175BA}</ProjectGuid>
        <ProjectVersion>17.2</ProjectVersion>
        <MainSource>TMService.dpr</MainSource>
        <Config Condition="'$(Config)'==''">Release</Config>
        <DCC_DCCCompiler>DCC32</DCC_DCCCompiler>
        <FrameworkType>None</FrameworkType>
        <Base>True</Base>
        <Platform Condition="'$(Platform)'==''">Win32</Platform>
        <TargetedPlatforms>1</TargetedPlatforms>
        <AppType>Application</AppType>
    </PropertyGroup>
    <PropertyGroup Condition="'$(Config)'=='Base' or '$(Base)'!=''">
        <Base>true</Base>
    </PropertyGroup>
    <PropertyGroup Condition="('$(Platform)'=='Win32' and '$(Base)'=='true') or '$(Base_Win32)'!=''">
        <Base_Win32>true</Base_Win32>
        <CfgParent>Base</CfgParent>
        <Base>true</Base>
    </PropertyGroup>
    <PropertyGroup Condition="('$(Platform)'=='Win64' and '$(Base)'=='true') or '$(Base_Win64)'!=''">
        <Base_Win64>true</Base_Win64>
        <CfgParent>Base</CfgParent>
        <Base>true</Base>
    </PropertyGroup>
    <PropertyGroup Condition="'$(Config)'=='Release' or '$(Cfg_1)'!=''">
        <Cfg_1>true</Cfg_1>
        <CfgParent>Base</CfgParent>
        <Base>true</Base>
    </PropertyGroup>
    <PropertyGroup Condition="('$(Platform)'=='Win32' and '$(Cfg_1)'=='true') or '$(Cfg_1_Win32)'!=''">
        <Cfg_1_Win32>true</Cfg_1_Win32>
        <CfgParent>Cfg_1</CfgParent>
        <Cfg_1>true</Cfg_1>
        <Base>true</Base>
    </PropertyGroup>
    <PropertyGroup Condition="'$(Config)'=='Debug' or '$(Cfg_2)'!=''">
        <Cfg_2>true</Cfg_2>
        <CfgParent>Base</CfgParent>
        <Base>true</Base>
    </PropertyGroup>
    <PropertyGroup Condition="('$(Platform)'=='Win32' and '$(Cfg_2)'=='true') or '$(Cfg_2_Win32)'!=''">
        <Cfg_2_Win32>true</Cfg_2_Win32>
        <CfgParent>Cfg_2</CfgParent>
        <Cfg_2>true</Cfg_2>
        <Base>true</Base>
    </PropertyGroup>
    <PropertyGroup Condition="'$(Base)'!=''">
        <SanitizedProjectName>TMService</SanitizedProjectName>
        <Manifest_File>None</Manifest_File>
        <Icon_MainIcon>TMService_Icon.ico</Icon_MainIcon>
        <VerInfo_Keys>CompanyName=Fora-Capital Inc.;FileDescription=Служба точного времени TMService;FileVersion=1.0.2.24;InternalName=TMService;LegalCopyright=(c) 2010 Петров А. М.;LegalTrademarks=;OriginalFilename=TMService.exe;ProductName=SNTP client-server with a statistical analyzer;ProductVersion=1.0.2;Comments=</VerInfo_Keys>
        <VerInfo_Locale>1049</VerInfo_Locale>
        <VerInfo_Build>24</VerInfo_Build>
        <VerInfo_IncludeVerInfo>true</VerInfo_IncludeVerInfo>
        <DCC_Namespace>System;Xml;Data;Datasnap;Web;Soap;Vcl;Winapi;System.Win;$(DCC_Namespace)</DCC_Namespace>
        <VerInfo_Release>2</VerInfo_Release>
        <DCC_ExeOutput>..\bin</DCC_ExeOutput>
        <DCC_DcuOutput>P:\Projects\build\$(Platform)\$(Config)</DCC_DcuOutput>
        <DCC_UnitSearchPath>F:\Indy\Lib\Core;F:\Indy\Lib\Protocols;F:\Indy\Lib\System;P:\Projects\Lib;$(DCC_UnitSearchPath)</DCC_UnitSearchPath>
        <DCC_DependencyCheckOutputName>..\bin\TMService.exe</DCC_DependencyCheckOutputName>
        <DCC_ImageBase>00400000</DCC_ImageBase>
        <DCC_Platform>x86</DCC_Platform>
        <DCC_E>false</DCC_E>
        <DCC_N>false</DCC_N>
        <DCC_S>false</DCC_S>
        <DCC_F>false</DCC_F>
        <DCC_K>false</DCC_K>
    </PropertyGroup>
    <PropertyGroup Condition="'$(Base_Win32)'!=''">
        <DCC_Namespace>Data.Win;Datasnap.Win;Web.Win;Soap.Win;Xml.Win;Bde;$(DCC_Namespace)</DCC_Namespace>
        <VerInfo_Locale>1033</VerInfo_Locale>
        <Manifest_File>$(BDS)\bin\default_app.manifest</Manifest_File>
    </PropertyGroup>
    <PropertyGroup Condition="'$(Base_Win64)'!=''">
        <Icon_MainIcon>TMService_Icon.ico</Icon_MainIcon>
    </PropertyGroup>
    <PropertyGroup Condition="'$(Cfg_1)'!=''">
        <DCC_DebugInformation>0</DCC_DebugInformation>
        <VerInfo_Keys>CompanyName=Fora-Capital Inc;FileDescription=Служба точного времени TMService;FileVersion=1.0.2.24;InternalName=TMService;LegalCopyright=(c) 2010 Петров А. М.;LegalTrademarks=;OriginalFilename=TMService.exe;ProductName=SNTP client-server with a statistical analyzer;ProductVersion=1.0.2;Comments=</VerInfo_Keys>
        <DCC_CodePage>1251</DCC_CodePage>
        <DCC_MapFile>3</DCC_MapFile>
        <DCC_Define>RELEASE;madExcept;$(DCC_Define)</DCC_Define>
        <DCC_SymbolReferenceInfo>0</DCC_SymbolReferenceInfo>
    </PropertyGroup>
    <PropertyGroup Condition="'$(Cfg_1_Win32)'!=''">
        <VerInfo_Locale>1033</VerInfo_Locale>
        <DCC_DebugInformation>true</DCC_DebugInformation>
        <Manifest_File>$(BDS)\bin\default_app.manifest</Manifest_File>
        <VerInfo_Keys>CompanyName=Fora-Capital Inc.;FileDescription=Служба точного времени TMService;FileVersion=1.0.2.24;InternalName=TMService;LegalCopyright=(c) 2010 Петров А. М.;LegalTrademarks=;OriginalFilename=TMService.exe;ProductName=SNTP client-server with a statistical analyzer;ProductVersion=1.0.2;Comments=</VerInfo_Keys>
    </PropertyGroup>
    <PropertyGroup Condition="'$(Cfg_2)'!=''">
        <DCC_DebugInformation>true</DCC_DebugInformation>
        <VerInfo_Build>22</VerInfo_Build>
        <VerInfo_Debug>true</VerInfo_Debug>
        <DCC_DebugInfoInExe>true</DCC_DebugInfoInExe>
        <DCC_MapFile>3</DCC_MapFile>
        <DCC_CodePage>1251</DCC_CodePage>
        <DCC_DebugDCUs>true</DCC_DebugDCUs>
        <DCC_Define>DEBUG;madExcept;$(DCC_Define)</DCC_Define>
    </PropertyGroup>
    <PropertyGroup Condition="'$(Cfg_2_Win32)'!=''">
        <VerInfo_Build>24</VerInfo_Build>
        <DCC_DebugInformation>true</DCC_DebugInformation>
        <Manifest_File>$(BDS)\bin\default_app.manifest</Manifest_File>
        <VerInfo_Locale>1033</VerInfo_Locale>
    </PropertyGroup>
    <ItemGroup>
        <DelphiCompile Include="$(MainSource)">
            <MainSource>MainSource</MainSource>
        </DelphiCompile>
        <DCCReference Include="TMSvc.pas">
            <Form>svcTime</Form>
            <DesignClass>TService</DesignClass>
        </DCCReference>
        <DCCReference Include="..\lib\ArrayTypes.pas"/>
        <DCCReference Include="..\lib\DateTimeTools.pas"/>
        <DCCReference Include="..\lib\FastSync.pas"/>
        <DCCReference Include="..\lib\misc.pas"/>
        <DCCReference Include="..\lib\PsUtils.pas"/>
        <DCCReference Include="..\lib\Perf.pas"/>
        <DCCReference Include="d:\embarcadero\rad studio\source\Indy10\Core\IdUDPServer.pas"/>
        <DCCReference Include="TMSGlobals.pas"/>
        <BuildConfiguration Include="Debug">
            <Key>Cfg_2</Key>
            <CfgParent>Base</CfgParent>
        </BuildConfiguration>
        <BuildConfiguration Include="Base">
            <Key>Base</Key>
        </BuildConfiguration>
        <BuildConfiguration Include="Release">
            <Key>Cfg_1</Key>
            <CfgParent>Base</CfgParent>
        </BuildConfiguration>
    </ItemGroup>
    <Import Condition="Exists('$(BDS)\Bin\CodeGear.Delphi.Targets')" Project="$(BDS)\Bin\CodeGear.Delphi.Targets"/>
    <ProjectExtensions>
        <Borland.Personality>Delphi.Personality.12</Borland.Personality>
        <Borland.ProjectType/>
        <BorlandProject>
            <Delphi.Personality>
                <Source>
                    <Source Name="MainSource">TMService.dpr</Source>
                </Source>
                <Parameters>
                    <Parameters Name="UseLauncher">False</Parameters>
                    <Parameters Name="LoadAllSymbols">True</Parameters>
                    <Parameters Name="LoadUnspecifiedSymbols">False</Parameters>
                </Parameters>
                <VersionInfo>
                    <VersionInfo Name="IncludeVerInfo">True</VersionInfo>
                    <VersionInfo Name="AutoIncBuild">True</VersionInfo>
                    <VersionInfo Name="MajorVer">1</VersionInfo>
                    <VersionInfo Name="MinorVer">0</VersionInfo>
                    <VersionInfo Name="Release">2</VersionInfo>
                    <VersionInfo Name="Build">24</VersionInfo>
                    <VersionInfo Name="Debug">True</VersionInfo>
                    <VersionInfo Name="PreRelease">True</VersionInfo>
                    <VersionInfo Name="Special">False</VersionInfo>
                    <VersionInfo Name="Private">False</VersionInfo>
                    <VersionInfo Name="DLL">False</VersionInfo>
                    <VersionInfo Name="Locale">1049</VersionInfo>
                    <VersionInfo Name="CodePage">1251</VersionInfo>
                </VersionInfo>
                <VersionInfoKeys>
                    <VersionInfoKeys Name="CompanyName">ООО ИК &quot;Фора-Капитал&quot;</VersionInfoKeys>
                    <VersionInfoKeys Name="FileDescription">Служба точного времени TMService</VersionInfoKeys>
                    <VersionInfoKeys Name="FileVersion">1.0.2.24</VersionInfoKeys>
                    <VersionInfoKeys Name="InternalName">TMService</VersionInfoKeys>
                    <VersionInfoKeys Name="LegalCopyright">(c) 2010 Петров А. М.</VersionInfoKeys>
                    <VersionInfoKeys Name="LegalTrademarks"/>
                    <VersionInfoKeys Name="OriginalFilename">TMService.exe</VersionInfoKeys>
                    <VersionInfoKeys Name="ProductName">Служба точного времени</VersionInfoKeys>
                    <VersionInfoKeys Name="ProductVersion">1.0.0.0</VersionInfoKeys>
                    <VersionInfoKeys Name="Comments"/>
                </VersionInfoKeys>
                <Excluded_Packages>
                    <Excluded_Packages Name="$(BDSBIN)\dcloffice2k220.bpl">Microsoft Office 2000 Sample Automation Server Wrapper Components</Excluded_Packages>
                </Excluded_Packages>
            </Delphi.Personality>
            <Platforms>
                <Platform value="Win32">True</Platform>
                <Platform value="Win64">False</Platform>
            </Platforms>
        </BorlandProject>
        <ProjectFileVersion>12</ProjectFileVersion>
    </ProjectExtensions>
    <Import Condition="Exists('$(APPDATA)\Embarcadero\$(BDSAPPDATABASEDIR)\$(PRODUCTVERSION)\UserTools.proj')" Project="$(APPDATA)\Embarcadero\$(BDSAPPDATABASEDIR)\$(PRODUCTVERSION)\UserTools.proj"/>
</Project>
